
Microsoft Visual Studio Solution File, Format Version 12.00
# Visual Studio 15
VisualStudioVersion = 15.0.27130.2010
MinimumVisualStudioVersion = 10.0.40219.1
Project("{FAE04EC0-301F-11D3-BF4B-00C04F79EFBC}") = "MBran.Components", "src\MBran.Components\MBran.Components.csproj", "{5FD3B7FE-34B6-4822-905B-7463BE9AEEF1}"
EndProject
Project("{FAE04EC0-301F-11D3-BF4B-00C04F79EFBC}") = "MBran.Components.Test", "src\MBran.Components.Test\MBran.Components.Test.csproj", "{CA18EF3E-0AD7-474C-9F59-DDCDD67292A7}"
EndProject
Global
	GlobalSection(SolutionConfigurationPlatforms) = preSolution
		Debug|Any CPU = Debug|Any CPU
		Release|Any CPU = Release|Any CPU
	EndGlobalSection
	GlobalSection(ProjectConfigurationPlatforms) = postSolution
		{5FD3B7FE-34B6-4822-905B-7463BE9AEEF1}.Debug|Any CPU.ActiveCfg = Debug|Any CPU
		{5FD3B7FE-34B6-4822-905B-7463BE9AEEF1}.Debug|Any CPU.Build.0 = Debug|Any CPU
		{5FD3B7FE-34B6-4822-905B-7463BE9AEEF1}.Release|Any CPU.ActiveCfg = Release|Any CPU
		{5FD3B7FE-34B6-4822-905B-7463BE9AEEF1}.Release|Any CPU.Build.0 = Release|Any CPU
		{CA18EF3E-0AD7-474C-9F59-DDCDD67292A7}.Debug|Any CPU.ActiveCfg = Debug|Any CPU
		{CA18EF3E-0AD7-474C-9F59-DDCDD67292A7}.Debug|Any CPU.Build.0 = Debug|Any CPU
		{CA18EF3E-0AD7-474C-9F59-DDCDD67292A7}.Release|Any CPU.ActiveCfg = Release|Any CPU
		{CA18EF3E-0AD7-474C-9F59-DDCDD67292A7}.Release|Any CPU.Build.0 = Release|Any CPU
	EndGlobalSection
	GlobalSection(SolutionProperties) = preSolution
		HideSolutionNode = FALSE
	EndGlobalSection
	GlobalSection(ExtensibilityGlobals) = postSolution
		SolutionGuid = {D96F5349-F39A-4BCC-AC3A-AEACD55F5F61}
	EndGlobalSection
EndGlobal
