
Microsoft Visual Studio Solution File, Format Version 12.00
# Visual Studio 15
VisualStudioVersion = 15.0.27130.2010
MinimumVisualStudioVersion = 10.0.40219.1
Project("{FAE04EC0-301F-11D3-BF4B-00C04F79EFBC}") = "MBran.Components", "src\MBran.Components\MBran.Components.csproj", "{5FD3B7FE-34B6-4822-905B-7463BE9AEEF1}"
EndProject
Project("{FAE04EC0-301F-11D3-BF4B-00C04F79EFBC}") = "MBran.Components.Test", "src\MBran.Components.Test\MBran.Components.Test.csproj", "{CA18EF3E-0AD7-474C-9F59-DDCDD67292A7}"
EndProject
Project("{2150E333-8FDC-42A3-9474-1A3956D46DE8}") = "0.1 Project", "0.1 Project", "{5FA888A1-0BFD-4345-93AF-8796239B5B99}"
EndProject
Project("{2150E333-8FDC-42A3-9474-1A3956D46DE8}") = "0.2 Features", "0.2 Features", "{06325121-0A70-46FF-AE87-035E345D1B98}"
EndProject
Project("{2150E333-8FDC-42A3-9474-1A3956D46DE8}") = "0.3 Core", "0.3 Core", "{BD9DE3A1-64C9-4181-92E7-90F90E738DA3}"
EndProject
Global
	GlobalSection(SolutionConfigurationPlatforms) = preSolution
		Debug|Any CPU = Debug|Any CPU
		Release|Any CPU = Release|Any CPU
	EndGlobalSection
	GlobalSection(ProjectConfigurationPlatforms) = postSolution
		{5FD3B7FE-34B6-4822-905B-7463BE9AEEF1}.Debug|Any CPU.ActiveCfg = Debug|Any CPU
		{5FD3B7FE-34B6-4822-905B-7463BE9AEEF1}.Debug|Any CPU.Build.0 = Debug|Any CPU
		{5FD3B7FE-34B6-4822-905B-7463BE9AEEF1}.Release|Any CPU.ActiveCfg = Release|Any CPU
		{5FD3B7FE-34B6-4822-905B-7463BE9AEEF1}.Release|Any CPU.Build.0 = Release|Any CPU
		{CA18EF3E-0AD7-474C-9F59-DDCDD67292A7}.Debug|Any CPU.ActiveCfg = Debug|Any CPU
		{CA18EF3E-0AD7-474C-9F59-DDCDD67292A7}.Debug|Any CPU.Build.0 = Debug|Any CPU
		{CA18EF3E-0AD7-474C-9F59-DDCDD67292A7}.Release|Any CPU.ActiveCfg = Release|Any CPU
		{CA18EF3E-0AD7-474C-9F59-DDCDD67292A7}.Release|Any CPU.Build.0 = Release|Any CPU
	EndGlobalSection
	GlobalSection(SolutionProperties) = preSolution
		HideSolutionNode = FALSE
	EndGlobalSection
	GlobalSection(NestedProjects) = preSolution
		{5FD3B7FE-34B6-4822-905B-7463BE9AEEF1} = {BD9DE3A1-64C9-4181-92E7-90F90E738DA3}
		{CA18EF3E-0AD7-474C-9F59-DDCDD67292A7} = {5FA888A1-0BFD-4345-93AF-8796239B5B99}
	EndGlobalSection
	GlobalSection(ExtensibilityGlobals) = postSolution
		SolutionGuid = {D96F5349-F39A-4BCC-AC3A-AEACD55F5F61}
	EndGlobalSection
EndGlobal
